
Microsoft Visual Studio Solution File, Format Version 12.00
# Visual Studio 15
VisualStudioVersion = 15.0.27004.2008
MinimumVisualStudioVersion = 10.0.40219.1
Project("{FAE04EC0-301F-11D3-BF4B-00C04F79EFBC}") = "vir_lab4", "vir_lab4\vir_lab4.csproj", "{4ECDB6AF-F9D6-443C-8D23-806190103DBC}"
EndProject
Global
	GlobalSection(SolutionConfigurationPlatforms) = preSolution
		Debug|Any CPU = Debug|Any CPU
		Release|Any CPU = Release|Any CPU
	EndGlobalSection
	GlobalSection(ProjectConfigurationPlatforms) = postSolution
		{4ECDB6AF-F9D6-443C-8D23-806190103DBC}.Debug|Any CPU.ActiveCfg = Debug|Any CPU
		{4ECDB6AF-F9D6-443C-8D23-806190103DBC}.Debug|Any CPU.Build.0 = Debug|Any CPU
		{4ECDB6AF-F9D6-443C-8D23-806190103DBC}.Release|Any CPU.ActiveCfg = Release|Any CPU
		{4ECDB6AF-F9D6-443C-8D23-806190103DBC}.Release|Any CPU.Build.0 = Release|Any CPU
	EndGlobalSection
	GlobalSection(SolutionProperties) = preSolution
		HideSolutionNode = FALSE
	EndGlobalSection
	GlobalSection(ExtensibilityGlobals) = postSolution
		SolutionGuid = {B0E705F4-B8AC-4B5F-B965-D4E1C7DDAEA6}
	EndGlobalSection
EndGlobal
